
Microsoft Visual Studio Solution File, Format Version 12.00
# Visual Studio Version 16
VisualStudioVersion = 16.0.31515.178
MinimumVisualStudioVersion = 10.0.40219.1
Project("{FAE04EC0-301F-11D3-BF4B-00C04F79EFBC}") = "az204casus", "az204casus\az204casus.csproj", "{555BBADF-19E8-464C-A23C-BE0E2C55137F}"
EndProject
Global
	GlobalSection(SolutionConfigurationPlatforms) = preSolution
		Debug|Any CPU = Debug|Any CPU
		Release|Any CPU = Release|Any CPU
	EndGlobalSection
	GlobalSection(ProjectConfigurationPlatforms) = postSolution
		{555BBADF-19E8-464C-A23C-BE0E2C55137F}.Debug|Any CPU.ActiveCfg = Debug|Any CPU
		{555BBADF-19E8-464C-A23C-BE0E2C55137F}.Debug|Any CPU.Build.0 = Debug|Any CPU
		{555BBADF-19E8-464C-A23C-BE0E2C55137F}.Release|Any CPU.ActiveCfg = Release|Any CPU
		{555BBADF-19E8-464C-A23C-BE0E2C55137F}.Release|Any CPU.Build.0 = Release|Any CPU
	EndGlobalSection
	GlobalSection(SolutionProperties) = preSolution
		HideSolutionNode = FALSE
	EndGlobalSection
	GlobalSection(ExtensibilityGlobals) = postSolution
		SolutionGuid = {36752828-CC1B-4417-A404-AAFE0BC89EDD}
	EndGlobalSection
EndGlobal
